
Microsoft Visual Studio Solution File, Format Version 12.00
# Visual Studio Version 16
VisualStudioVersion = 16.0.29905.134
MinimumVisualStudioVersion = 10.0.40219.1
Project("{FAE04EC0-301F-11D3-BF4B-00C04F79EFBC}") = "LdapUserReader", "LdapUserReader\LdapUserReader.csproj", "{EA923736-C476-4ABC-96D7-C6C4CCB2982B}"
EndProject
Global
	GlobalSection(SolutionConfigurationPlatforms) = preSolution
		Debug|Any CPU = Debug|Any CPU
		Release|Any CPU = Release|Any CPU
	EndGlobalSection
	GlobalSection(ProjectConfigurationPlatforms) = postSolution
		{EA923736-C476-4ABC-96D7-C6C4CCB2982B}.Debug|Any CPU.ActiveCfg = Debug|Any CPU
		{EA923736-C476-4ABC-96D7-C6C4CCB2982B}.Debug|Any CPU.Build.0 = Debug|Any CPU
		{EA923736-C476-4ABC-96D7-C6C4CCB2982B}.Release|Any CPU.ActiveCfg = Release|Any CPU
		{EA923736-C476-4ABC-96D7-C6C4CCB2982B}.Release|Any CPU.Build.0 = Release|Any CPU
	EndGlobalSection
	GlobalSection(SolutionProperties) = preSolution
		HideSolutionNode = FALSE
	EndGlobalSection
	GlobalSection(ExtensibilityGlobals) = postSolution
		SolutionGuid = {CEC5D112-0FB5-40DB-A031-DD97CC11FBFB}
	EndGlobalSection
EndGlobal
